{
  "name": "frontend",
  "lockfileVersion": 3,
  "requires": true,
  "packages": {
    "": {
      "dependencies": {
        "frontend": "file:.."
      }
    },
    "..": {
      "version": "0.0.1",
      "dependencies": {
        "@astrojs/react": "^4.2.7",
        "astro": "^5.7.10",
        "react": "^19.1.0",
        "react-dom": "^19.1.0"
      }
    },
    "node_modules/frontend": {
      "resolved": "..",
      "link": true
    }
  }
}
